<?xml version="1.0" encoding="utf-8"?>
<Project ToolsVersion="4.0" xmlns="http://schemas.microsoft.com/developer/msbuild/2003">
  <ItemGroup>
    <Filter Include="ソース ファイル">
      <UniqueIdentifier>{4FC737F1-C7A5-4376-A066-2A32D752A2FF}</UniqueIdentifier>
      <Extensions>cpp;c;cc;cxx;def;odl;idl;hpj;bat;asm;asmx</Extensions>
    </Filter>
    <Filter Include="ヘッダー ファイル">
      <UniqueIdentifier>{93995380-89BD-4b04-88EB-625FBE52EBFB}</UniqueIdentifier>
      <Extensions>h;hh;hpp;hxx;hm;inl;inc;xsd</Extensions>
    </Filter>
    <Filter Include="リソース ファイル">
      <UniqueIdentifier>{67DA6AB6-F800-4c08-8B7A-83BB121AAD01}</UniqueIdentifier>
      <Extensions>rc;ico;cur;bmp;dlg;rc2;rct;bin;rgs;gif;jpg;jpeg;jpe;resx;tiff;tif;png;wav;mfcribbon-ms</Extensions>
    </Filter>
    <Filter Include="ソース ファイル\Common">
      <UniqueIdentifier>{0e9f78d0-4a9c-4f8a-9fdb-65a0af8c1fa1}</UniqueIdentifier>
    </Filter>
    <Filter Include="ソース ファイル\Scene">
      <UniqueIdentifier>{c6bd67fb-3f50-4e75-a8d1-402a98a4554c}</UniqueIdentifier>
    </Filter>
    <Filter Include="ソース ファイル\Library">
      <UniqueIdentifier>{87f09db3-4570-4138-a721-dc11edc4781d}</UniqueIdentifier>
    </Filter>
    <Filter Include="ソース ファイル\Library\Manager">
      <UniqueIdentifier>{bc21bd13-c893-4427-a9f6-cddb9f5bbab6}</UniqueIdentifier>
    </Filter>
    <Filter Include="ソース ファイル\Library\Manager\Scene">
      <UniqueIdentifier>{e6a6369c-71b2-4962-901a-713f607753d8}</UniqueIdentifier>
    </Filter>
    <Filter Include="ソース ファイル\Library\Common">
      <UniqueIdentifier>{dbcdfa38-887d-4dce-bfab-8fd2f305ab7e}</UniqueIdentifier>
    </Filter>
    <Filter Include="ソース ファイル\Scene\Title">
      <UniqueIdentifier>{e2193fda-22ad-4e34-a932-b5eab43ddefc}</UniqueIdentifier>
    </Filter>
  </ItemGroup>
  <ItemGroup>
    <ClCompile Include="Source\main.cpp">
      <Filter>ソース ファイル</Filter>
    </ClCompile>
    <ClCompile Include="Source\app.cpp">
      <Filter>ソース ファイル</Filter>
    </ClCompile>
    <ClCompile Include="Source\Library\Manager\Scene\SceneManager.cpp">
      <Filter>ソース ファイル\Library\Manager\Scene</Filter>
    </ClCompile>
    <ClCompile Include="Source\Library\Common\SceneBase.cpp">
      <Filter>ソース ファイル\Library\Common</Filter>
    </ClCompile>
    <ClCompile Include="Source\Scene\Title\TitleScene.cpp">
      <Filter>ソース ファイル\Scene\Title</Filter>
    </ClCompile>
  </ItemGroup>
  <ItemGroup>
    <ClInclude Include="Source\app.h">
      <Filter>ヘッダー ファイル</Filter>
    </ClInclude>
    <ClInclude Include="Source\Library\Manager\Scene\SceneManager.h">
      <Filter>ソース ファイル\Library\Manager\Scene</Filter>
    </ClInclude>
    <ClInclude Include="Source\Library\Common\SceneBase.h">
      <Filter>ソース ファイル\Library\Common</Filter>
    </ClInclude>
    <ClInclude Include="Source\Scene\Title\TitleScene.h">
      <Filter>ソース ファイル\Scene\Title</Filter>
    </ClInclude>
  </ItemGroup>
</Project>